
Microsoft Visual Studio Solution File, Format Version 12.00
# Visual Studio 14
VisualStudioVersion = 14.0.24720.0
MinimumVisualStudioVersion = 10.0.40219.1
Project("{2150E333-8FDC-42A3-9474-1A3956D46DE8}") = "Dependencies", "Dependencies", "{8222DBE5-CB42-43D3-8872-72B6127C2697}"
	ProjectSection(SolutionItems) = preProject
		Dependencies\ChatSharp.dll = Dependencies\ChatSharp.dll
		Dependencies\Newtonsoft.Json.dll = Dependencies\Newtonsoft.Json.dll
	EndProjectSection
EndProject
Project("{2150E333-8FDC-42A3-9474-1A3956D46DE8}") = "Solution Items", "Solution Items", "{F098011A-3833-4028-B67D-3DE38391810C}"
	ProjectSection(SolutionItems) = preProject
		.gitattributes = .gitattributes
		.gitignore = .gitignore
		LICENSE = LICENSE
	EndProjectSection
EndProject
Project("{FAE04EC0-301F-11D3-BF4B-00C04F79EFBC}") = "QIRC.Unibot", "Source\QIRC.Unibot\QIRC.Unibot.csproj", "{A5D81A71-05BE-4D01-B73E-FD7803F164C2}"
EndProject
Global
	GlobalSection(SolutionConfigurationPlatforms) = preSolution
		Debug|Any CPU = Debug|Any CPU
		Release|Any CPU = Release|Any CPU
	EndGlobalSection
	GlobalSection(ProjectConfigurationPlatforms) = postSolution
		{A5D81A71-05BE-4D01-B73E-FD7803F164C2}.Debug|Any CPU.ActiveCfg = Debug|Any CPU
		{A5D81A71-05BE-4D01-B73E-FD7803F164C2}.Debug|Any CPU.Build.0 = Debug|Any CPU
		{A5D81A71-05BE-4D01-B73E-FD7803F164C2}.Release|Any CPU.ActiveCfg = Release|Any CPU
		{A5D81A71-05BE-4D01-B73E-FD7803F164C2}.Release|Any CPU.Build.0 = Release|Any CPU
		{EA217E5D-5EAF-49E5-87A1-62175B049C22}.Debug|Any CPU.ActiveCfg = Debug|Any CPU
		{EA217E5D-5EAF-49E5-87A1-62175B049C22}.Debug|Any CPU.Build.0 = Debug|Any CPU
		{EA217E5D-5EAF-49E5-87A1-62175B049C22}.Release|Any CPU.ActiveCfg = Release|Any CPU
		{EA217E5D-5EAF-49E5-87A1-62175B049C22}.Release|Any CPU.Build.0 = Release|Any CPU
	EndGlobalSection
	GlobalSection(SolutionProperties) = preSolution
		HideSolutionNode = FALSE
	EndGlobalSection
EndGlobal
